
Microsoft Visual Studio Solution File, Format Version 12.00
# Visual Studio Version 16
VisualStudioVersion = 16.0.29911.84
MinimumVisualStudioVersion = 10.0.40219.1
Project("{FAE04EC0-301F-11D3-BF4B-00C04F79EFBC}") = "ReportCreator", "Report Creator\ReportCreator.csproj", "{F43FBC6F-2285-42B0-BF12-6B6599A4C45D}"
EndProject
Global
	GlobalSection(SolutionConfigurationPlatforms) = preSolution
		Debug|Any CPU = Debug|Any CPU
		Release|Any CPU = Release|Any CPU
	EndGlobalSection
	GlobalSection(ProjectConfigurationPlatforms) = postSolution
		{F43FBC6F-2285-42B0-BF12-6B6599A4C45D}.Debug|Any CPU.ActiveCfg = Debug|Any CPU
		{F43FBC6F-2285-42B0-BF12-6B6599A4C45D}.Debug|Any CPU.Build.0 = Debug|Any CPU
		{F43FBC6F-2285-42B0-BF12-6B6599A4C45D}.Release|Any CPU.ActiveCfg = Release|Any CPU
		{F43FBC6F-2285-42B0-BF12-6B6599A4C45D}.Release|Any CPU.Build.0 = Release|Any CPU
	EndGlobalSection
	GlobalSection(SolutionProperties) = preSolution
		HideSolutionNode = FALSE
	EndGlobalSection
	GlobalSection(ExtensibilityGlobals) = postSolution
		SolutionGuid = {5AA5FA08-6116-4CB2-96E9-F493761D52DE}
	EndGlobalSection
EndGlobal
